Microsoft Visual Studio Solution File, Format Version 12.00
# Visual Studio Version 17
VisualStudioVersion = 17.5.2.0
MinimumVisualStudioVersion = 10.0.40219.1
Project("{FAE04EC0-301F-11D3-BF4B-00C04F79EFBC}") = "pin C#", "pin C#.csproj", "{1F5CF5B5-93FE-50B4-4A81-CF063587F964}"
EndProject
Global
	GlobalSection(SolutionConfigurationPlatforms) = preSolution
		Debug|Any CPU = Debug|Any CPU
		Release|Any CPU = Release|Any CPU
	EndGlobalSection
	GlobalSection(ProjectConfigurationPlatforms) = postSolution
		{1F5CF5B5-93FE-50B4-4A81-CF063587F964}.Debug|Any CPU.ActiveCfg = Debug|Any CPU
		{1F5CF5B5-93FE-50B4-4A81-CF063587F964}.Debug|Any CPU.Build.0 = Debug|Any CPU
		{1F5CF5B5-93FE-50B4-4A81-CF063587F964}.Release|Any CPU.ActiveCfg = Release|Any CPU
		{1F5CF5B5-93FE-50B4-4A81-CF063587F964}.Release|Any CPU.Build.0 = Release|Any CPU
	EndGlobalSection
	GlobalSection(SolutionProperties) = preSolution
		HideSolutionNode = FALSE
	EndGlobalSection
	GlobalSection(ExtensibilityGlobals) = postSolution
		SolutionGuid = {18ECB110-200B-4BDA-B2E9-35C6CE4973AF}
	EndGlobalSection
EndGlobal
